{
  "version": 4,
  "terraform_version": "1.0.0",
  "serial": 45,
  "lineage": "c525c427-38bb-df14-c805-41b0ba6009cb",
  "outputs": {
    "public_ip": {
      "value": "3.25.243.184",
      "type": "string"
    }
  },
  "resources": [
    {
      "mode": "managed",
      "type": "aws_instance",
      "name": "app",
      "provider": "provider[\"registry.terraform.io/hashicorp/aws\"]",
      "instances": [
        {
          "schema_version": 1,
          "attributes": {
            "ami": "ami-05654370f5b5eb0b0",
            "arn": "arn:aws:ec2:ap-southeast-2:847691674849:instance/i-0e49f909c449f1877",
            "associate_public_ip_address": true,
            "availability_zone": "ap-southeast-2b",
            "capacity_reservation_specification": [
              {
                "capacity_reservation_preference": "open",
                "capacity_reservation_target": []
              }
            ],
            "cpu_core_count": 1,
            "cpu_threads_per_core": 1,
            "credit_specification": [
              {
                "cpu_credits": "standard"
              }
            ],
            "disable_api_termination": false,
            "ebs_block_device": [],
            "ebs_optimized": false,
            "enclave_options": [
              {
                "enabled": false
              }
            ],
            "ephemeral_block_device": [],
            "get_password_data": false,
            "hibernation": false,
            "host_id": null,
            "iam_instance_profile": "",
            "id": "i-0e49f909c449f1877",
            "instance_initiated_shutdown_behavior": "stop",
            "instance_state": "running",
            "instance_type": "t2.micro",
            "ipv6_address_count": 0,
            "ipv6_addresses": [],
            "key_name": "sydney",
            "launch_template": [],
            "metadata_options": [
              {
                "http_endpoint": "enabled",
                "http_put_response_hop_limit": 1,
                "http_tokens": "optional",
                "instance_metadata_tags": "disabled"
              }
            ],
            "monitoring": false,
            "network_interface": [],
            "outpost_arn": "",
            "password_data": "",
            "placement_group": "",
            "placement_partition_number": null,
            "primary_network_interface_id": "eni-0cf736cb4fdc5b507",
            "private_dns": "ip-172-31-39-25.ap-southeast-2.compute.internal",
            "private_ip": "172.31.39.25",
            "public_dns": "ec2-3-25-243-184.ap-southeast-2.compute.amazonaws.com",
            "public_ip": "3.25.243.184",
            "root_block_device": [
              {
                "delete_on_termination": true,
                "device_name": "/dev/sda1",
                "encrypted": false,
                "iops": 100,
                "kms_key_id": "",
                "tags": {},
                "throughput": 0,
                "volume_id": "vol-0214009a5d9c28c53",
                "volume_size": 8,
                "volume_type": "gp2"
              }
            ],
            "secondary_private_ips": [],
            "security_groups": [
              "weba"
            ],
            "source_dest_check": true,
            "subnet_id": "subnet-0966184f8971414e0",
            "tags": {
              "Name": "JenkinsInstallation"
            },
            "tags_all": {
              "Name": "JenkinsInstallation"
            },
            "tenancy": "default",
            "timeouts": null,
            "user_data": null,
            "user_data_base64": null,
            "volume_tags": null,
            "vpc_security_group_ids": [
              "sg-0e95357eeba6bcfd6"
            ]
          },
          "sensitive_attributes": [],
          "private": "eyJlMmJmYjczMC1lY2FhLTExZTYtOGY4OC0zNDM2M2JjN2M0YzAiOnsiY3JlYXRlIjo2MDAwMDAwMDAwMDAsImRlbGV0ZSI6MTIwMDAwMDAwMDAwMCwidXBkYXRlIjo2MDAwMDAwMDAwMDB9LCJzY2hlbWFfdmVyc2lvbiI6IjEifQ==",
          "dependencies": [
            "aws_security_group.web1"
          ]
        }
      ]
    },
    {
      "mode": "managed",
      "type": "aws_security_group",
      "name": "web1",
      "provider": "provider[\"registry.terraform.io/hashicorp/aws\"]",
      "instances": [
        {
          "schema_version": 1,
          "attributes": {
            "arn": "arn:aws:ec2:ap-southeast-2:847691674849:security-group/sg-0e95357eeba6bcfd6",
            "description": "Managed by Terraform",
            "egress": [
              {
                "cidr_blocks": [
                  "0.0.0.0/0"
                ],
                "description": "",
                "from_port": 0,
                "ipv6_cidr_blocks": [],
                "prefix_list_ids": [],
                "protocol": "-1",
                "security_groups": [],
                "self": false,
                "to_port": 0
              }
            ],
            "id": "sg-0e95357eeba6bcfd6",
            "ingress": [
              {
                "cidr_blocks": [
                  "0.0.0.0/0"
                ],
                "description": "",
                "from_port": 22,
                "ipv6_cidr_blocks": [],
                "prefix_list_ids": [],
                "protocol": "tcp",
                "security_groups": [],
                "self": false,
                "to_port": 22
              },
              {
                "cidr_blocks": [
                  "0.0.0.0/0"
                ],
                "description": "",
                "from_port": 8080,
                "ipv6_cidr_blocks": [],
                "prefix_list_ids": [],
                "protocol": "tcp",
                "security_groups": [],
                "self": false,
                "to_port": 8080
              }
            ],
            "name": "weba",
            "name_prefix": "",
            "owner_id": "847691674849",
            "revoke_rules_on_delete": false,
            "tags": {},
            "tags_all": {},
            "timeouts": null,
            "vpc_id": "vpc-0f3ba0aadf944224b"
          },
          "sensitive_attributes": [],
          "private": "eyJlMmJmYjczMC1lY2FhLTExZTYtOGY4OC0zNDM2M2JjN2M0YzAiOnsiY3JlYXRlIjo2MDAwMDAwMDAwMDAsImRlbGV0ZSI6OTAwMDAwMDAwMDAwfSwic2NoZW1hX3ZlcnNpb24iOiIxIn0="
        }
      ]
    },
    {
      "mode": "managed",
      "type": "jenkins_job",
      "name": "example",
      "provider": "provider[\"registry.terraform.io/overmike/jenkins\"]",
      "instances": [
        {
          "schema_version": 0,
          "attributes": {
            "id": "example",
            "name": "example",
            "parameters": null,
            "template": "\u003c?xml version=\"1.1\" encoding=\"UTF-8\"?\u003e\u003cproject\u003e\n  \u003cactions/\u003e\n  \u003cdescription/\u003e\n  \u003ckeepDependencies\u003efalse\u003c/keepDependencies\u003e\n  \u003cproperties/\u003e\n  \u003cscm class=\"hudson.plugins.git.GitSCM\" plugin=\"git@4.10.3\"\u003e\n    \u003cconfigVersion\u003e2\u003c/configVersion\u003e\n    \u003cuserRemoteConfigs\u003e\n      \u003chudson.plugins.git.UserRemoteConfig\u003e\n        \u003curl\u003ehttps://github.com/vishnu529/testing1111.git\u003c/url\u003e\n        \u003ccredentialsId\u003egit\u003c/credentialsId\u003e\n      \u003c/hudson.plugins.git.UserRemoteConfig\u003e\n    \u003c/userRemoteConfigs\u003e\n    \u003cbranches\u003e\n      \u003chudson.plugins.git.BranchSpec\u003e\n        \u003cname\u003e*/main\u003c/name\u003e\n      \u003c/hudson.plugins.git.BranchSpec\u003e\n    \u003c/branches\u003e\n    \u003cdoGenerateSubmoduleConfigurations\u003efalse\u003c/doGenerateSubmoduleConfigurations\u003e\n    \u003csubmoduleCfg class=\"empty-list\"/\u003e\n    \u003cextensions/\u003e\n  \u003c/scm\u003e\n  \u003ccanRoam\u003etrue\u003c/canRoam\u003e\n  \u003cdisabled\u003efalse\u003c/disabled\u003e\n  \u003cblockBuildWhenDownstreamBuilding\u003efalse\u003c/blockBuildWhenDownstreamBuilding\u003e\n  \u003cblockBuildWhenUpstreamBuilding\u003efalse\u003c/blockBuildWhenUpstreamBuilding\u003e\n  \u003ctriggers/\u003e\n  \u003cconcurrentBuild\u003efalse\u003c/concurrentBuild\u003e\n  \u003cbuilders/\u003e\n  \u003cpublishers/\u003e\n  \u003cbuildWrappers/\u003e\n\u003c/project\u003e"
          },
          "sensitive_attributes": [],
          "private": "bnVsbA=="
        }
      ]
    },
    {
      "mode": "managed",
      "type": "null_resource",
      "name": "copy_execute",
      "provider": "provider[\"registry.terraform.io/hashicorp/null\"]",
      "instances": [
        {
          "schema_version": 0,
          "attributes": {
            "id": "5318824075417115296",
            "triggers": null
          },
          "sensitive_attributes": [],
          "private": "bnVsbA==",
          "dependencies": [
            "aws_security_group.web1",
            "aws_instance.app"
          ]
        }
      ]
    }
  ]
}
